
Microsoft Visual Studio Solution File, Format Version 12.00
# Visual Studio Version 16
VisualStudioVersion = 16.0.31313.79
MinimumVisualStudioVersion = 10.0.40219.1
Project("{FAE04EC0-301F-11D3-BF4B-00C04F79EFBC}") = "MoviePediaAPI", "MoviePediaAPI\MoviePediaAPI.csproj", "{7CA9298C-0B08-477B-8CCB-33C9AA363549}"
EndProject
Project("{FAE04EC0-301F-11D3-BF4B-00C04F79EFBC}") = "Entities", "Entities\Entities.csproj", "{22E6767E-F44C-43EC-9191-1804E9274A7B}"
EndProject
Project("{FAE04EC0-301F-11D3-BF4B-00C04F79EFBC}") = "Tests", "Tests\Tests.csproj", "{45ED47B4-FB74-4DC3-8262-347F7B563B1C}"
EndProject
Project("{FAE04EC0-301F-11D3-BF4B-00C04F79EFBC}") = "Persistance", "Persistance\Persistance.csproj", "{23A0B118-6D2C-40D8-84FB-1A39383C6CEA}"
EndProject
Global
	GlobalSection(SolutionConfigurationPlatforms) = preSolution
		Debug|Any CPU = Debug|Any CPU
		Release|Any CPU = Release|Any CPU
	EndGlobalSection
	GlobalSection(ProjectConfigurationPlatforms) = postSolution
		{7CA9298C-0B08-477B-8CCB-33C9AA363549}.Debug|Any CPU.ActiveCfg = Debug|Any CPU
		{7CA9298C-0B08-477B-8CCB-33C9AA363549}.Debug|Any CPU.Build.0 = Debug|Any CPU
		{7CA9298C-0B08-477B-8CCB-33C9AA363549}.Release|Any CPU.ActiveCfg = Release|Any CPU
		{7CA9298C-0B08-477B-8CCB-33C9AA363549}.Release|Any CPU.Build.0 = Release|Any CPU
		{22E6767E-F44C-43EC-9191-1804E9274A7B}.Debug|Any CPU.ActiveCfg = Debug|Any CPU
		{22E6767E-F44C-43EC-9191-1804E9274A7B}.Debug|Any CPU.Build.0 = Debug|Any CPU
		{22E6767E-F44C-43EC-9191-1804E9274A7B}.Release|Any CPU.ActiveCfg = Release|Any CPU
		{22E6767E-F44C-43EC-9191-1804E9274A7B}.Release|Any CPU.Build.0 = Release|Any CPU
		{45ED47B4-FB74-4DC3-8262-347F7B563B1C}.Debug|Any CPU.ActiveCfg = Debug|Any CPU
		{45ED47B4-FB74-4DC3-8262-347F7B563B1C}.Debug|Any CPU.Build.0 = Debug|Any CPU
		{45ED47B4-FB74-4DC3-8262-347F7B563B1C}.Release|Any CPU.ActiveCfg = Release|Any CPU
		{45ED47B4-FB74-4DC3-8262-347F7B563B1C}.Release|Any CPU.Build.0 = Release|Any CPU
		{23A0B118-6D2C-40D8-84FB-1A39383C6CEA}.Debug|Any CPU.ActiveCfg = Debug|Any CPU
		{23A0B118-6D2C-40D8-84FB-1A39383C6CEA}.Debug|Any CPU.Build.0 = Debug|Any CPU
		{23A0B118-6D2C-40D8-84FB-1A39383C6CEA}.Release|Any CPU.ActiveCfg = Release|Any CPU
		{23A0B118-6D2C-40D8-84FB-1A39383C6CEA}.Release|Any CPU.Build.0 = Release|Any CPU
	EndGlobalSection
	GlobalSection(SolutionProperties) = preSolution
		HideSolutionNode = FALSE
	EndGlobalSection
	GlobalSection(ExtensibilityGlobals) = postSolution
		SolutionGuid = {B15CEC2F-84BE-42CE-9ABB-755D314F0098}
	EndGlobalSection
EndGlobal
